
Microsoft Visual Studio Solution File, Format Version 12.00
# Visual Studio 14
VisualStudioVersion = 14.0.23107.0
MinimumVisualStudioVersion = 10.0.40219.1
Project("{FAE04EC0-301F-11D3-BF4B-00C04F79EFBC}") = "lageant", "lageant\lageant.csproj", "{7532B333-8EB8-4CA4-BA65-6131F180A34C}"
EndProject
Project("{FAE04EC0-301F-11D3-BF4B-00C04F79EFBC}") = "lageant.core", "lageant.core\lageant.core.csproj", "{ACC82705-8F43-45AD-AA3D-CD86DC95EC02}"
EndProject
Project("{2150E333-8FDC-42A3-9474-1A3956D46DE8}") = "Solution Items", "Solution Items", "{FF74F5CF-2C7A-4DF7-8F58-3631BB103C5A}"
	ProjectSection(SolutionItems) = preProject
		LICENSE.md = LICENSE.md
		README.md = README.md
	EndProjectSection
EndProject
Project("{FAE04EC0-301F-11D3-BF4B-00C04F79EFBC}") = "lageant.client", "lageant.client\lageant.client.csproj", "{A7B58462-9D65-4150-B39D-8F8D21A92D5A}"
EndProject
Project("{FAE04EC0-301F-11D3-BF4B-00C04F79EFBC}") = "lageant.client.tests", "lageant.client.tests\lageant.client.tests.csproj", "{04113B99-5AD4-4519-9FBF-BDD9BBCFD586}"
EndProject
Global
	GlobalSection(SolutionConfigurationPlatforms) = preSolution
		Debug|Any CPU = Debug|Any CPU
		Release|Any CPU = Release|Any CPU
	EndGlobalSection
	GlobalSection(ProjectConfigurationPlatforms) = postSolution
		{7532B333-8EB8-4CA4-BA65-6131F180A34C}.Debug|Any CPU.ActiveCfg = Debug|Any CPU
		{7532B333-8EB8-4CA4-BA65-6131F180A34C}.Debug|Any CPU.Build.0 = Debug|Any CPU
		{7532B333-8EB8-4CA4-BA65-6131F180A34C}.Release|Any CPU.ActiveCfg = Release|Any CPU
		{7532B333-8EB8-4CA4-BA65-6131F180A34C}.Release|Any CPU.Build.0 = Release|Any CPU
		{ACC82705-8F43-45AD-AA3D-CD86DC95EC02}.Debug|Any CPU.ActiveCfg = Debug|Any CPU
		{ACC82705-8F43-45AD-AA3D-CD86DC95EC02}.Debug|Any CPU.Build.0 = Debug|Any CPU
		{ACC82705-8F43-45AD-AA3D-CD86DC95EC02}.Release|Any CPU.ActiveCfg = Release|Any CPU
		{ACC82705-8F43-45AD-AA3D-CD86DC95EC02}.Release|Any CPU.Build.0 = Release|Any CPU
		{A7B58462-9D65-4150-B39D-8F8D21A92D5A}.Debug|Any CPU.ActiveCfg = Debug|Any CPU
		{A7B58462-9D65-4150-B39D-8F8D21A92D5A}.Debug|Any CPU.Build.0 = Debug|Any CPU
		{A7B58462-9D65-4150-B39D-8F8D21A92D5A}.Release|Any CPU.ActiveCfg = Release|Any CPU
		{A7B58462-9D65-4150-B39D-8F8D21A92D5A}.Release|Any CPU.Build.0 = Release|Any CPU
		{04113B99-5AD4-4519-9FBF-BDD9BBCFD586}.Debug|Any CPU.ActiveCfg = Debug|Any CPU
		{04113B99-5AD4-4519-9FBF-BDD9BBCFD586}.Debug|Any CPU.Build.0 = Debug|Any CPU
		{04113B99-5AD4-4519-9FBF-BDD9BBCFD586}.Release|Any CPU.ActiveCfg = Release|Any CPU
		{04113B99-5AD4-4519-9FBF-BDD9BBCFD586}.Release|Any CPU.Build.0 = Release|Any CPU
	EndGlobalSection
	GlobalSection(SolutionProperties) = preSolution
		HideSolutionNode = FALSE
	EndGlobalSection
EndGlobal
